// !$*UTF8*$!
{
	archiveVersion = 1;
	classes = {
	};
	objectVersion = 46;
	objects = {

/* Begin PBXBuildFile section */
		6314C0121ED56807000AFC0B /* main.m in Sources */ = {isa = PBXBuildFile; fileRef = 6314C0111ED56807000AFC0B /* main.m */; };
		6314C0151ED56807000AFC0B /* AppDelegate.m in Sources */ = {isa = PBXBuildFile; fileRef = 6314C0141ED56807000AFC0B /* AppDelegate.m */; };
		6314C0181ED56807000AFC0B /* ViewController.m in Sources */ = {isa = PBXBuildFile; fileRef = 6314C0171ED56807000AFC0B /* ViewController.m */; };
		6314C01B1ED56807000AFC0B /* Main.storyboard in Resources */ = {isa = PBXBuildFile; fileRef = 6314C0191ED56807000AFC0B /* Main.storyboard */; };
		6314C01D1ED56807000AFC0B /* Assets.xcassets in Resources */ = {isa = PBXBuildFile; fileRef = 6314C01C1ED56807000AFC0B /* Assets.xcassets */; };
		6314C0201ED56807000AFC0B /* LaunchScreen.storyboard in Resources */ = {isa = PBXBuildFile; fileRef = 6314C01E1ED56807000AFC0B /* LaunchScreen.storyboard */; };
		6314C0291ED5ABF1000AFC0B /* Utility.m in Sources */ = {isa = PBXBuildFile; fileRef = 6314C0281ED5ABF1000AFC0B /* Utility.m */; };
		6314C02B1ED5B456000AFC0B /* WorkToHome.gpx in Resources */ = {isa = PBXBuildFile; fileRef = 6314C02A1ED5B456000AFC0B /* WorkToHome.gpx */; };
		6314C02E1ED5B47D000AFC0B /* UIView+Toast.m in Sources */ = {isa = PBXBuildFile; fileRef = 6314C02D1ED5B47D000AFC0B /* UIView+Toast.m */; };
		638920611EDD384700602EDE /* LogViewController.m in Sources */ = {isa = PBXBuildFile; fileRef = 638920601EDD384700602EDE /* LogViewController.m */; };
		638920641EDD3D6600602EDE /* ExtendNSLogFunctionality.m in Sources */ = {isa = PBXBuildFile; fileRef = 638920631EDD3D6600602EDE /* ExtendNSLogFunctionality.m */; };
		63A3F6E01F599071007A1869 /* MapViewController.m in Sources */ = {isa = PBXBuildFile; fileRef = 63A3F6DF1F599071007A1869 /* MapViewController.m */; };
		63A3F6E31F599196007A1869 /* CoreLocation.framework in Frameworks */ = {isa = PBXBuildFile; fileRef = 63A3F6E21F599196007A1869 /* CoreLocation.framework */; };
		63A3F6E51F59919C007A1869 /* MapKit.framework in Frameworks */ = {isa = PBXBuildFile; fileRef = 63A3F6E41F59919C007A1869 /* MapKit.framework */; };
/* End PBXBuildFile section */

/* Begin PBXFileReference section */
		6314C00D1ED56807000AFC0B /* GeoFenceMonitoring.app */ = {isa = PBXFileReference; explicitFileType = wrapper.application; includeInIndex = 0; path = GeoFenceMonitoring.app; sourceTree = BUILT_PRODUCTS_DIR; };
		6314C0111ED56807000AFC0B /* main.m */ = {isa = PBXFileReference; lastKnownFileType = sourcecode.c.objc; path = main.m; sourceTree = "<group>"; };
		6314C0131ED56807000AFC0B /* AppDelegate.h */ = {isa = PBXFileReference; lastKnownFileType = sourcecode.c.h; path = AppDelegate.h; sourceTree = "<group>"; };
		6314C0141ED56807000AFC0B /* AppDelegate.m */ = {isa = PBXFileReference; lastKnownFileType = sourcecode.c.objc; path = AppDelegate.m; sourceTree = "<group>"; };
		6314C0161ED56807000AFC0B /* ViewController.h */ = {isa = PBXFileReference; lastKnownFileType = sourcecode.c.h; path = ViewController.h; sourceTree = "<group>"; };
		6314C0171ED56807000AFC0B /* ViewController.m */ = {isa = PBXFileReference; lastKnownFileType = sourcecode.c.objc; path = ViewController.m; sourceTree = "<group>"; };
		6314C01A1ED56807000AFC0B /* Base */ = {isa = PBXFileReference; lastKnownFileType = file.storyboard; name = Base; path = Base.lproj/Main.storyboard; sourceTree = "<group>"; };
		6314C01C1ED56807000AFC0B /* Assets.xcassets */ = {isa = PBXFileReference; lastKnownFileType = folder.assetcatalog; path = Assets.xcassets; sourceTree = "<group>"; };
		6314C01F1ED56807000AFC0B /* Base */ = {isa = PBXFileReference; lastKnownFileType = file.storyboard; name = Base; path = Base.lproj/LaunchScreen.storyboard; sourceTree = "<group>"; };
		6314C0211ED56807000AFC0B /* Info.plist */ = {isa = PBXFileReference; lastKnownFileType = text.plist.xml; path = Info.plist; sourceTree = "<group>"; };
		6314C0271ED5ABF1000AFC0B /* Utility.h */ = {isa = PBXFileReference; fileEncoding = 4; lastKnownFileType = sourcecode.c.h; path = Utility.h; sourceTree = "<group>"; };
		6314C0281ED5ABF1000AFC0B /* Utility.m */ = {isa = PBXFileReference; fileEncoding = 4; lastKnownFileType = sourcecode.c.objc; path = Utility.m; sourceTree = "<group>"; };
		6314C02A1ED5B456000AFC0B /* WorkToHome.gpx */ = {isa = PBXFileReference; fileEncoding = 4; lastKnownFileType = text.xml; path = WorkToHome.gpx; sourceTree = "<group>"; };
		6314C02C1ED5B47D000AFC0B /* UIView+Toast.h */ = {isa = PBXFileReference; fileEncoding = 4; lastKnownFileType = sourcecode.c.h; path = "UIView+Toast.h"; sourceTree = "<group>"; };
		6314C02D1ED5B47D000AFC0B /* UIView+Toast.m */ = {isa = PBXFileReference; fileEncoding = 4; lastKnownFileType = sourcecode.c.objc; path = "UIView+Toast.m"; sourceTree = "<group>"; };
		6389205F1EDD384700602EDE /* LogViewController.h */ = {isa = PBXFileReference; fileEncoding = 4; lastKnownFileType = sourcecode.c.h; path = LogViewController.h; sourceTree = "<group>"; };
		638920601EDD384700602EDE /* LogViewController.m */ = {isa = PBXFileReference; fileEncoding = 4; lastKnownFileType = sourcecode.c.objc; path = LogViewController.m; sourceTree = "<group>"; };
		638920621EDD3D6600602EDE /* ExtendNSLogFunctionality.h */ = {isa = PBXFileReference; fileEncoding = 4; lastKnownFileType = sourcecode.c.h; path = ExtendNSLogFunctionality.h; sourceTree = "<group>"; };
		638920631EDD3D6600602EDE /* ExtendNSLogFunctionality.m */ = {isa = PBXFileReference; fileEncoding = 4; lastKnownFileType = sourcecode.c.objc; path = ExtendNSLogFunctionality.m; sourceTree = "<group>"; };
		63A3F6DE1F599071007A1869 /* MapViewController.h */ = {isa = PBXFileReference; fileEncoding = 4; lastKnownFileType = sourcecode.c.h; path = MapViewController.h; sourceTree = "<group>"; };
		63A3F6DF1F599071007A1869 /* MapViewController.m */ = {isa = PBXFileReference; fileEncoding = 4; lastKnownFileType = sourcecode.c.objc; path = MapViewController.m; sourceTree = "<group>"; };
		63A3F6E21F599196007A1869 /* CoreLocation.framework */ = {isa = PBXFileReference; lastKnownFileType = wrapper.framework; name = CoreLocation.framework; path = System/Library/Frameworks/CoreLocation.framework; sourceTree = SDKROOT; };
		63A3F6E41F59919C007A1869 /* MapKit.framework */ = {isa = PBXFileReference; lastKnownFileType = wrapper.framework; name = MapKit.framework; path = System/Library/Frameworks/MapKit.framework; sourceTree = SDKROOT; };
/* End PBXFileReference section */

/* Begin PBXFrameworksBuildPhase section */
		6314C00A1ED56807000AFC0B /* Frameworks */ = {
			isa = PBXFrameworksBuildPhase;
			buildActionMask = 2147483647;
			files = (
				63A3F6E51F59919C007A1869 /* MapKit.framework in Frameworks */,
				63A3F6E31F599196007A1869 /* CoreLocation.framework in Frameworks */,
			);
			runOnlyForDeploymentPostprocessing = 0;
		};
/* End PBXFrameworksBuildPhase section */

/* Begin PBXGroup section */
		6314C0041ED56807000AFC0B = {
			isa = PBXGroup;
			children = (
				6314C00F1ED56807000AFC0B /* GeoFenceMonitoring */,
				6314C00E1ED56807000AFC0B /* Products */,
				63A3F6E11F599196007A1869 /* Frameworks */,
			);
			sourceTree = "<group>";
		};
		6314C00E1ED56807000AFC0B /* Products */ = {
			isa = PBXGroup;
			children = (
				6314C00D1ED56807000AFC0B /* GeoFenceMonitoring.app */,
			);
			name = Products;
			sourceTree = "<group>";
		};
		6314C00F1ED56807000AFC0B /* GeoFenceMonitoring */ = {
			isa = PBXGroup;
			children = (
				6314C0131ED56807000AFC0B /* AppDelegate.h */,
				6314C0141ED56807000AFC0B /* AppDelegate.m */,
				6314C0271ED5ABF1000AFC0B /* Utility.h */,
				6314C0281ED5ABF1000AFC0B /* Utility.m */,
				6314C02C1ED5B47D000AFC0B /* UIView+Toast.h */,
				6314C02D1ED5B47D000AFC0B /* UIView+Toast.m */,
				6314C0161ED56807000AFC0B /* ViewController.h */,
				6314C0171ED56807000AFC0B /* ViewController.m */,
				6389205F1EDD384700602EDE /* LogViewController.h */,
				638920601EDD384700602EDE /* LogViewController.m */,
				63A3F6DE1F599071007A1869 /* MapViewController.h */,
				63A3F6DF1F599071007A1869 /* MapViewController.m */,
				638920621EDD3D6600602EDE /* ExtendNSLogFunctionality.h */,
				638920631EDD3D6600602EDE /* ExtendNSLogFunctionality.m */,
				6314C0191ED56807000AFC0B /* Main.storyboard */,
				6314C02A1ED5B456000AFC0B /* WorkToHome.gpx */,
				6314C01C1ED56807000AFC0B /* Assets.xcassets */,
				6314C01E1ED56807000AFC0B /* LaunchScreen.storyboard */,
				6314C0211ED56807000AFC0B /* Info.plist */,
				6314C0101ED56807000AFC0B /* Supporting Files */,
			);
			path = GeoFenceMonitoring;
			sourceTree = "<group>";
		};
		6314C0101ED56807000AFC0B /* Supporting Files */ = {
			isa = PBXGroup;
			children = (
				6314C0111ED56807000AFC0B /* main.m */,
			);
			name = "Supporting Files";
			sourceTree = "<group>";
		};
		63A3F6E11F599196007A1869 /* Frameworks */ = {
			isa = PBXGroup;
			children = (
				63A3F6E41F59919C007A1869 /* MapKit.framework */,
				63A3F6E21F599196007A1869 /* CoreLocation.framework */,
			);
			name = Frameworks;
			sourceTree = "<group>";
		};
/* End PBXGroup section */

/* Begin PBXNativeTarget section */
		6314C00C1ED56807000AFC0B /* GeoFenceMonitoring */ = {
			isa = PBXNativeTarget;
			buildConfigurationList = 6314C0241ED56807000AFC0B /* Build configuration list for PBXNativeTarget "GeoFenceMonitoring" */;
			buildPhases = (
				6314C0091ED56807000AFC0B /* Sources */,
				6314C00A1ED56807000AFC0B /* Frameworks */,
				6314C00B1ED56807000AFC0B /* Resources */,
			);
			buildRules = (
			);
			dependencies = (
			);
			name = GeoFenceMonitoring;
			productName = GeoFenceMonitoring;
			productReference = 6314C00D1ED56807000AFC0B /* GeoFenceMonitoring.app */;
			productType = "com.apple.product-type.application";
		};
/* End PBXNativeTarget section */

/* Begin PBXProject section */
		6314C0051ED56807000AFC0B /* Project object */ = {
			isa = PBXProject;
			attributes = {
				LastUpgradeCheck = 0800;
				ORGANIZATIONNAME = BitCanny;
				TargetAttributes = {
					6314C00C1ED56807000AFC0B = {
						CreatedOnToolsVersion = 8.0;
						DevelopmentTeam = J626X6WL96;
						ProvisioningStyle = Manual;
						SystemCapabilities = {
							com.apple.BackgroundModes = {
								enabled = 1;
							};
						};
					};
				};
			};
			buildConfigurationList = 6314C0081ED56807000AFC0B /* Build configuration list for PBXProject "GeoFenceMonitoring" */;
			compatibilityVersion = "Xcode 3.2";
			developmentRegion = English;
			hasScannedForEncodings = 0;
			knownRegions = (
				en,
				Base,
			);
			mainGroup = 6314C0041ED56807000AFC0B;
			productRefGroup = 6314C00E1ED56807000AFC0B /* Products */;
			projectDirPath = "";
			projectRoot = "";
			targets = (
				6314C00C1ED56807000AFC0B /* GeoFenceMonitoring */,
			);
		};
/* End PBXProject section */

/* Begin PBXResourcesBuildPhase section */
		6314C00B1ED56807000AFC0B /* Resources */ = {
			isa = PBXResourcesBuildPhase;
			buildActionMask = 2147483647;
			files = (
				6314C0201ED56807000AFC0B /* LaunchScreen.storyboard in Resources */,
				6314C01D1ED56807000AFC0B /* Assets.xcassets in Resources */,
				6314C02B1ED5B456000AFC0B /* WorkToHome.gpx in Resources */,
				6314C01B1ED56807000AFC0B /* Main.storyboard in Resources */,
			);
			runOnlyForDeploymentPostprocessing = 0;
		};
/* End PBXResourcesBuildPhase section */

/* Begin PBXSourcesBuildPhase section */
		6314C0091ED56807000AFC0B /* Sources */ = {
			isa = PBXSourcesBuildPhase;
			buildActionMask = 2147483647;
			files = (
				6314C0291ED5ABF1000AFC0B /* Utility.m in Sources */,
				6314C0181ED56807000AFC0B /* ViewController.m in Sources */,
				6314C0151ED56807000AFC0B /* AppDelegate.m in Sources */,
				63A3F6E01F599071007A1869 /* MapViewController.m in Sources */,
				6314C02E1ED5B47D000AFC0B /* UIView+Toast.m in Sources */,
				6314C0121ED56807000AFC0B /* main.m in Sources */,
				638920641EDD3D6600602EDE /* ExtendNSLogFunctionality.m in Sources */,
				638920611EDD384700602EDE /* LogViewController.m in Sources */,
			);
			runOnlyForDeploymentPostprocessing = 0;
		};
/* End PBXSourcesBuildPhase section */

/* Begin PBXVariantGroup section */
		6314C0191ED56807000AFC0B /* Main.storyboard */ = {
			isa = PBXVariantGroup;
			children = (
				6314C01A1ED56807000AFC0B /* Base */,
			);
			name = Main.storyboard;
			sourceTree = "<group>";
		};
		6314C01E1ED56807000AFC0B /* LaunchScreen.storyboard */ = {
			isa = PBXVariantGroup;
			children = (
				6314C01F1ED56807000AFC0B /* Base */,
			);
			name = LaunchScreen.storyboard;
			sourceTree = "<group>";
		};
/* End PBXVariantGroup section */

/* Begin XCBuildConfiguration section */
		6314C0221ED56807000AFC0B /* Debug */ = {
			isa = XCBuildConfiguration;
			buildSettings = {
				ALWAYS_SEARCH_USER_PATHS = NO;
				CLANG_ANALYZER_NONNULL = YES;
				CLANG_CXX_LANGUAGE_STANDARD = "gnu++0x";
				CLANG_CXX_LIBRARY = "libc++";
				CLANG_ENABLE_MODULES = YES;
				CLANG_ENABLE_OBJC_ARC = YES;
				CLANG_WARN_BOOL_CONVERSION = YES;
				CLANG_WARN_CONSTANT_CONVERSION = YES;
				CLANG_WARN_DIRECT_OBJC_ISA_USAGE = YES_ERROR;
				CLANG_WARN_DOCUMENTATION_COMMENTS = YES;
				CLANG_WARN_EMPTY_BODY = YES;
				CLANG_WARN_ENUM_CONVERSION = YES;
				CLANG_WARN_INFINITE_RECURSION = YES;
				CLANG_WARN_INT_CONVERSION = YES;
				CLANG_WARN_OBJC_ROOT_CLASS = YES_ERROR;
				CLANG_WARN_SUSPICIOUS_MOVES = YES;
				CLANG_WARN_UNREACHABLE_CODE = YES;
				CLANG_WARN__DUPLICATE_METHOD_MATCH = YES;
				"CODE_SIGN_IDENTITY[sdk=iphoneos*]" = "iPhone Developer";
				COPY_PHASE_STRIP = NO;
				DEBUG_INFORMATION_FORMAT = dwarf;
				ENABLE_STRICT_OBJC_MSGSEND = YES;
				ENABLE_TESTABILITY = YES;
				GCC_C_LANGUAGE_STANDARD = gnu99;
				GCC_DYNAMIC_NO_PIC = NO;
				GCC_NO_COMMON_BLOCKS = YES;
				GCC_OPTIMIZATION_LEVEL = 0;
				GCC_PREPROCESSOR_DEFINITIONS = (
					"DEBUG=1",
					"$(inherited)",
				);
				GCC_WARN_64_TO_32_BIT_CONVERSION = YES;
				GCC_WARN_ABOUT_RETURN_TYPE = YES_ERROR;
				GCC_WARN_UNDECLARED_SELECTOR = YES;
				GCC_WARN_UNINITIALIZED_AUTOS = YES_AGGRESSIVE;
				GCC_WARN_UNUSED_FUNCTION = YES;
				GCC_WARN_UNUSED_VARIABLE = YES;
				IPHONEOS_DEPLOYMENT_TARGET = 10.0;
				MTL_ENABLE_DEBUG_INFO = YES;
				ONLY_ACTIVE_ARCH = YES;
				SDKROOT = iphoneos;
				TARGETED_DEVICE_FAMILY = "1,2";
			};
			name = Debug;
		};
		6314C0231ED56807000AFC0B /* Release */ = {
			isa = XCBuildConfiguration;
			buildSettings = {
				ALWAYS_SEARCH_USER_PATHS = NO;
				CLANG_ANALYZER_NONNULL = YES;
				CLANG_CXX_LANGUAGE_STANDARD = "gnu++0x";
				CLANG_CXX_LIBRARY = "libc++";
				CLANG_ENABLE_MODULES = YES;
				CLANG_ENABLE_OBJC_ARC = YES;
				CLANG_WARN_BOOL_CONVERSION = YES;
				CLANG_WARN_CONSTANT_CONVERSION = YES;
				CLANG_WARN_DIRECT_OBJC_ISA_USAGE = YES_ERROR;
				CLANG_WARN_DOCUMENTATION_COMMENTS = YES;
				CLANG_WARN_EMPTY_BODY = YES;
				CLANG_WARN_ENUM_CONVERSION = YES;
				CLANG_WARN_INFINITE_RECURSION = YES;
				CLANG_WARN_INT_CONVERSION = YES;
				CLANG_WARN_OBJC_ROOT_CLASS = YES_ERROR;
				CLANG_WARN_SUSPICIOUS_MOVES = YES;
				CLANG_WARN_UNREACHABLE_CODE = YES;
				CLANG_WARN__DUPLICATE_METHOD_MATCH = YES;
				"CODE_SIGN_IDENTITY[sdk=iphoneos*]" = "iPhone Developer";
				COPY_PHASE_STRIP = NO;
				DEBUG_INFORMATION_FORMAT = "dwarf-with-dsym";
				ENABLE_NS_ASSERTIONS = NO;
				ENABLE_STRICT_OBJC_MSGSEND = YES;
				GCC_C_LANGUAGE_STANDARD = gnu99;
				GCC_NO_COMMON_BLOCKS = YES;
				GCC_WARN_64_TO_32_BIT_CONVERSION = YES;
				GCC_WARN_ABOUT_RETURN_TYPE = YES_ERROR;
				GCC_WARN_UNDECLARED_SELECTOR = YES;
				GCC_WARN_UNINITIALIZED_AUTOS = YES_AGGRESSIVE;
				GCC_WARN_UNUSED_FUNCTION = YES;
				GCC_WARN_UNUSED_VARIABLE = YES;
				IPHONEOS_DEPLOYMENT_TARGET = 10.0;
				MTL_ENABLE_DEBUG_INFO = NO;
				SDKROOT = iphoneos;
				TARGETED_DEVICE_FAMILY = "1,2";
				VALIDATE_PRODUCT = YES;
			};
			name = Release;
		};
		6314C0251ED56807000AFC0B /* Debug */ = {
			isa = XCBuildConfiguration;
			buildSettings = {
				ASSETCATALOG_COMPILER_APPICON_NAME = AppIcon;
				DEVELOPMENT_TEAM = J626X6WL96;
				INFOPLIST_FILE = GeoFenceMonitoring/Info.plist;
				IPHONEOS_DEPLOYMENT_TARGET = 8.0;
				LD_RUNPATH_SEARCH_PATHS = "$(inherited) @executable_path/Frameworks";
				PRODUCT_BUNDLE_IDENTIFIER = com.bitcanny.GeoFenceMonitoring;
				PRODUCT_NAME = "$(TARGET_NAME)";
				PROVISIONING_PROFILE = "bd874875-4560-44c4-aa72-b62eec43bc59";
				PROVISIONING_PROFILE_SPECIFIER = GeoFenceMonitoringDev;
			};
			name = Debug;
		};
		6314C0261ED56807000AFC0B /* Release */ = {
			isa = XCBuildConfiguration;
			buildSettings = {
				ASSETCATALOG_COMPILER_APPICON_NAME = AppIcon;
				DEVELOPMENT_TEAM = J626X6WL96;
				INFOPLIST_FILE = GeoFenceMonitoring/Info.plist;
				IPHONEOS_DEPLOYMENT_TARGET = 8.0;
				LD_RUNPATH_SEARCH_PATHS = "$(inherited) @executable_path/Frameworks";
				PRODUCT_BUNDLE_IDENTIFIER = com.bitcanny.GeoFenceMonitoring;
				PRODUCT_NAME = "$(TARGET_NAME)";
				PROVISIONING_PROFILE = "4efde04c-92b6-4129-a4da-dbdfbc658924";
				PROVISIONING_PROFILE_SPECIFIER = GeoFenceMonitoringDev;
			};
			name = Release;
		};
/* End XCBuildConfiguration section */

/* Begin XCConfigurationList section */
		6314C0081ED56807000AFC0B /* Build configuration list for PBXProject "GeoFenceMonitoring" */ = {
			isa = XCConfigurationList;
			buildConfigurations = (
				6314C0221ED56807000AFC0B /* Debug */,
				6314C0231ED56807000AFC0B /* Release */,
			);
			defaultConfigurationIsVisible = 0;
			defaultConfigurationName = Release;
		};
		6314C0241ED56807000AFC0B /* Build configuration list for PBXNativeTarget "GeoFenceMonitoring" */ = {
			isa = XCConfigurationList;
			buildConfigurations = (
				6314C0251ED56807000AFC0B /* Debug */,
				6314C0261ED56807000AFC0B /* Release */,
			);
			defaultConfigurationIsVisible = 0;
			defaultConfigurationName = Release;
		};
/* End XCConfigurationList section */
	};
	rootObject = 6314C0051ED56807000AFC0B /* Project object */;
}
